
Microsoft Visual Studio Solution File, Format Version 12.00
# Visual Studio 15
VisualStudioVersion = 15.0.28307.705
MinimumVisualStudioVersion = 10.0.40219.1
Project("{FAE04EC0-301F-11D3-BF4B-00C04F79EFBC}") = "CellularAutomata", "CellularAutomata\CellularAutomata.csproj", "{1083AFBE-8722-4F1E-B201-214178BD2F8D}"
EndProject
Global
	GlobalSection(SolutionConfigurationPlatforms) = preSolution
		Debug|Any CPU = Debug|Any CPU
		Release|Any CPU = Release|Any CPU
	EndGlobalSection
	GlobalSection(ProjectConfigurationPlatforms) = postSolution
		{1083AFBE-8722-4F1E-B201-214178BD2F8D}.Debug|Any CPU.ActiveCfg = Debug|Any CPU
		{1083AFBE-8722-4F1E-B201-214178BD2F8D}.Debug|Any CPU.Build.0 = Debug|Any CPU
		{1083AFBE-8722-4F1E-B201-214178BD2F8D}.Release|Any CPU.ActiveCfg = Release|Any CPU
		{1083AFBE-8722-4F1E-B201-214178BD2F8D}.Release|Any CPU.Build.0 = Release|Any CPU
	EndGlobalSection
	GlobalSection(SolutionProperties) = preSolution
		HideSolutionNode = FALSE
	EndGlobalSection
	GlobalSection(ExtensibilityGlobals) = postSolution
		SolutionGuid = {BAFEF63A-8CE1-408E-9B9C-859E12769788}
	EndGlobalSection
EndGlobal
